
Microsoft Visual Studio Solution File, Format Version 12.00
# Visual Studio Version 17
VisualStudioVersion = 17.4.33205.214
MinimumVisualStudioVersion = 10.0.40219.1
Project("{9A19103F-16F7-4668-BE54-9A1E7A4F7556}") = "CSharp02ConversaoTipos", "CSharp02ConversaoTipos\CSharp02ConversaoTipos.csproj", "{3DEFFD3B-89EA-4A93-9896-ED25EBDD0E92}"
EndProject
Project("{9A19103F-16F7-4668-BE54-9A1E7A4F7556}") = "CSharp01Apresentacao", "CSharp01Apresentacao\CSharp01Apresentacao.csproj", "{A746FA27-39F0-46AB-96F9-85C5ACF4EAC0}"
EndProject
Project("{9A19103F-16F7-4668-BE54-9A1E7A4F7556}") = "CSharp03EntradaDados", "CSharp03EntradaDados\CSharp03EntradaDados.csproj", "{DC55AA52-A330-402E-9E97-2000AA344E4C}"
EndProject
Project("{9A19103F-16F7-4668-BE54-9A1E7A4F7556}") = "CSharp04EstruturaCondicional", "CSharp04EstruturaCondicional\CSharp04EstruturaCondicional.csproj", "{51FAF1D3-F2F2-439E-AE59-71A4D49A43D8}"
EndProject
Project("{9A19103F-16F7-4668-BE54-9A1E7A4F7556}") = "CSharp05EstruturaCondicionalAnd", "CSharp05EstruturaCondicionalAnd\CSharp05EstruturaCondicionalAnd.csproj", "{79621758-7E68-4AC6-8825-995801645B50}"
EndProject
Project("{9A19103F-16F7-4668-BE54-9A1E7A4F7556}") = "CSharp06EstruturaCondicionalOr", "CSharp06EstruturaCondicionalOr\CSharp06EstruturaCondicionalOr.csproj", "{0FC815BC-7959-40B6-B86C-09D5DE580525}"
EndProject
Project("{2150E333-8FDC-42A3-9474-1A3956D46DE8}") = "Solution Items", "Solution Items", "{909671CB-B6ED-464E-BBC0-C0719DFAD08A}"
	ProjectSection(SolutionItems) = preProject
		.gitignore = .gitignore
	EndProjectSection
EndProject
Project("{9A19103F-16F7-4668-BE54-9A1E7A4F7556}") = "CSharp07StringMetodos", "CSharp07StringMetodos\CSharp07StringMetodos.csproj", "{D6387CA6-7630-4E13-A706-E9827D8526AE}"
EndProject
Project("{9A19103F-16F7-4668-BE54-9A1E7A4F7556}") = "CSharp08While", "CSharp08While\CSharp08While.csproj", "{FB037FC1-AC36-4ADD-B916-3368EEC13B87}"
EndProject
Project("{9A19103F-16F7-4668-BE54-9A1E7A4F7556}") = "CSharp09Arquivo", "CSharp09Arquivo\CSharp09Arquivo.csproj", "{E298A996-C0E6-4CFE-B943-26904E086CE0}"
EndProject
Project("{9A19103F-16F7-4668-BE54-9A1E7A4F7556}") = "CSharp10Vetores", "CSharp10Vetores\CSharp10Vetores.csproj", "{13AFD8F7-453E-4B35-A269-E51A2000DF4B}"
EndProject
Project("{9A19103F-16F7-4668-BE54-9A1E7A4F7556}") = "CSharp11TratamentoExcecoes", "CSharp11TratamentoExcecoes\CSharp11TratamentoExcecoes.csproj", "{0E1CA43B-5B61-4E8F-8954-83C7C400C26B}"
EndProject
Project("{9A19103F-16F7-4668-BE54-9A1E7A4F7556}") = "CSharp12TratamentoExcecoesComWhile", "CSharp12TratamentoExcecoesComWhile\CSharp12TratamentoExcecoesComWhile.csproj", "{D6C43F23-2844-47B3-8773-70341D673C53}"
EndProject
Project("{9A19103F-16F7-4668-BE54-9A1E7A4F7556}") = "CSharp13OOMetodos", "CSharp13OOMetodos\CSharp13OOMetodos.csproj", "{1D7CC797-EA98-4BAD-8DBF-B90427F90ED3}"
EndProject
Project("{FAE04EC0-301F-11D3-BF4B-00C04F79EFBC}") = "CSharp14For", "CSharp14For\CSharp14For.csproj", "{AABF0ED6-078F-4CDC-A877-EAA73B42C36C}"
EndProject
Global
	GlobalSection(SolutionConfigurationPlatforms) = preSolution
		Debug|Any CPU = Debug|Any CPU
		Release|Any CPU = Release|Any CPU
	EndGlobalSection
	GlobalSection(ProjectConfigurationPlatforms) = postSolution
		{3DEFFD3B-89EA-4A93-9896-ED25EBDD0E92}.Debug|Any CPU.ActiveCfg = Debug|Any CPU
		{3DEFFD3B-89EA-4A93-9896-ED25EBDD0E92}.Debug|Any CPU.Build.0 = Debug|Any CPU
		{3DEFFD3B-89EA-4A93-9896-ED25EBDD0E92}.Release|Any CPU.ActiveCfg = Release|Any CPU
		{3DEFFD3B-89EA-4A93-9896-ED25EBDD0E92}.Release|Any CPU.Build.0 = Release|Any CPU
		{A746FA27-39F0-46AB-96F9-85C5ACF4EAC0}.Debug|Any CPU.ActiveCfg = Debug|Any CPU
		{A746FA27-39F0-46AB-96F9-85C5ACF4EAC0}.Debug|Any CPU.Build.0 = Debug|Any CPU
		{A746FA27-39F0-46AB-96F9-85C5ACF4EAC0}.Release|Any CPU.ActiveCfg = Release|Any CPU
		{A746FA27-39F0-46AB-96F9-85C5ACF4EAC0}.Release|Any CPU.Build.0 = Release|Any CPU
		{DC55AA52-A330-402E-9E97-2000AA344E4C}.Debug|Any CPU.ActiveCfg = Debug|Any CPU
		{DC55AA52-A330-402E-9E97-2000AA344E4C}.Debug|Any CPU.Build.0 = Debug|Any CPU
		{DC55AA52-A330-402E-9E97-2000AA344E4C}.Release|Any CPU.ActiveCfg = Release|Any CPU
		{DC55AA52-A330-402E-9E97-2000AA344E4C}.Release|Any CPU.Build.0 = Release|Any CPU
		{51FAF1D3-F2F2-439E-AE59-71A4D49A43D8}.Debug|Any CPU.ActiveCfg = Debug|Any CPU
		{51FAF1D3-F2F2-439E-AE59-71A4D49A43D8}.Debug|Any CPU.Build.0 = Debug|Any CPU
		{51FAF1D3-F2F2-439E-AE59-71A4D49A43D8}.Release|Any CPU.ActiveCfg = Release|Any CPU
		{51FAF1D3-F2F2-439E-AE59-71A4D49A43D8}.Release|Any CPU.Build.0 = Release|Any CPU
		{79621758-7E68-4AC6-8825-995801645B50}.Debug|Any CPU.ActiveCfg = Debug|Any CPU
		{79621758-7E68-4AC6-8825-995801645B50}.Debug|Any CPU.Build.0 = Debug|Any CPU
		{79621758-7E68-4AC6-8825-995801645B50}.Release|Any CPU.ActiveCfg = Release|Any CPU
		{79621758-7E68-4AC6-8825-995801645B50}.Release|Any CPU.Build.0 = Release|Any CPU
		{0FC815BC-7959-40B6-B86C-09D5DE580525}.Debug|Any CPU.ActiveCfg = Debug|Any CPU
		{0FC815BC-7959-40B6-B86C-09D5DE580525}.Debug|Any CPU.Build.0 = Debug|Any CPU
		{0FC815BC-7959-40B6-B86C-09D5DE580525}.Release|Any CPU.ActiveCfg = Release|Any CPU
		{0FC815BC-7959-40B6-B86C-09D5DE580525}.Release|Any CPU.Build.0 = Release|Any CPU
		{D6387CA6-7630-4E13-A706-E9827D8526AE}.Debug|Any CPU.ActiveCfg = Debug|Any CPU
		{D6387CA6-7630-4E13-A706-E9827D8526AE}.Debug|Any CPU.Build.0 = Debug|Any CPU
		{D6387CA6-7630-4E13-A706-E9827D8526AE}.Release|Any CPU.ActiveCfg = Release|Any CPU
		{D6387CA6-7630-4E13-A706-E9827D8526AE}.Release|Any CPU.Build.0 = Release|Any CPU
		{FB037FC1-AC36-4ADD-B916-3368EEC13B87}.Debug|Any CPU.ActiveCfg = Debug|Any CPU
		{FB037FC1-AC36-4ADD-B916-3368EEC13B87}.Debug|Any CPU.Build.0 = Debug|Any CPU
		{FB037FC1-AC36-4ADD-B916-3368EEC13B87}.Release|Any CPU.ActiveCfg = Release|Any CPU
		{FB037FC1-AC36-4ADD-B916-3368EEC13B87}.Release|Any CPU.Build.0 = Release|Any CPU
		{E298A996-C0E6-4CFE-B943-26904E086CE0}.Debug|Any CPU.ActiveCfg = Debug|Any CPU
		{E298A996-C0E6-4CFE-B943-26904E086CE0}.Debug|Any CPU.Build.0 = Debug|Any CPU
		{E298A996-C0E6-4CFE-B943-26904E086CE0}.Release|Any CPU.ActiveCfg = Release|Any CPU
		{E298A996-C0E6-4CFE-B943-26904E086CE0}.Release|Any CPU.Build.0 = Release|Any CPU
		{13AFD8F7-453E-4B35-A269-E51A2000DF4B}.Debug|Any CPU.ActiveCfg = Debug|Any CPU
		{13AFD8F7-453E-4B35-A269-E51A2000DF4B}.Debug|Any CPU.Build.0 = Debug|Any CPU
		{13AFD8F7-453E-4B35-A269-E51A2000DF4B}.Release|Any CPU.ActiveCfg = Release|Any CPU
		{13AFD8F7-453E-4B35-A269-E51A2000DF4B}.Release|Any CPU.Build.0 = Release|Any CPU
		{0E1CA43B-5B61-4E8F-8954-83C7C400C26B}.Debug|Any CPU.ActiveCfg = Debug|Any CPU
		{0E1CA43B-5B61-4E8F-8954-83C7C400C26B}.Debug|Any CPU.Build.0 = Debug|Any CPU
		{0E1CA43B-5B61-4E8F-8954-83C7C400C26B}.Release|Any CPU.ActiveCfg = Release|Any CPU
		{0E1CA43B-5B61-4E8F-8954-83C7C400C26B}.Release|Any CPU.Build.0 = Release|Any CPU
		{D6C43F23-2844-47B3-8773-70341D673C53}.Debug|Any CPU.ActiveCfg = Debug|Any CPU
		{D6C43F23-2844-47B3-8773-70341D673C53}.Debug|Any CPU.Build.0 = Debug|Any CPU
		{D6C43F23-2844-47B3-8773-70341D673C53}.Release|Any CPU.ActiveCfg = Release|Any CPU
		{D6C43F23-2844-47B3-8773-70341D673C53}.Release|Any CPU.Build.0 = Release|Any CPU
		{1D7CC797-EA98-4BAD-8DBF-B90427F90ED3}.Debug|Any CPU.ActiveCfg = Debug|Any CPU
		{1D7CC797-EA98-4BAD-8DBF-B90427F90ED3}.Debug|Any CPU.Build.0 = Debug|Any CPU
		{1D7CC797-EA98-4BAD-8DBF-B90427F90ED3}.Release|Any CPU.ActiveCfg = Release|Any CPU
		{1D7CC797-EA98-4BAD-8DBF-B90427F90ED3}.Release|Any CPU.Build.0 = Release|Any CPU
		{AABF0ED6-078F-4CDC-A877-EAA73B42C36C}.Debug|Any CPU.ActiveCfg = Debug|Any CPU
		{AABF0ED6-078F-4CDC-A877-EAA73B42C36C}.Debug|Any CPU.Build.0 = Debug|Any CPU
		{AABF0ED6-078F-4CDC-A877-EAA73B42C36C}.Release|Any CPU.ActiveCfg = Release|Any CPU
		{AABF0ED6-078F-4CDC-A877-EAA73B42C36C}.Release|Any CPU.Build.0 = Release|Any CPU
	EndGlobalSection
	GlobalSection(SolutionProperties) = preSolution
		HideSolutionNode = FALSE
	EndGlobalSection
	GlobalSection(ExtensibilityGlobals) = postSolution
		SolutionGuid = {6F381FD1-D900-4DA4-B569-F48A5ECC6546}
	EndGlobalSection
EndGlobal
